
Microsoft Visual Studio Solution File, Format Version 12.00
# Visual Studio Version 16
VisualStudioVersion = 16.0.30503.244
MinimumVisualStudioVersion = 10.0.40219.1
Project("{9A19103F-16F7-4668-BE54-9A1E7A4F7556}") = "PulsarFuse", "src\PulsarFuse.csproj", "{BA84DD78-5490-41B7-A69E-DD9A4C1180DE}"
EndProject
Project("{FAE04EC0-301F-11D3-BF4B-00C04F79EFBC}") = "TestProject", "test\TestProject.csproj", "{53FEF92C-3C80-4378-BCD3-14E984A1E1EE}"
EndProject
Global
	GlobalSection(SolutionConfigurationPlatforms) = preSolution
		Debug|Any CPU = Debug|Any CPU
		Release|Any CPU = Release|Any CPU
	EndGlobalSection
	GlobalSection(ProjectConfigurationPlatforms) = postSolution
		{BA84DD78-5490-41B7-A69E-DD9A4C1180DE}.Debug|Any CPU.ActiveCfg = Debug|Any CPU
		{BA84DD78-5490-41B7-A69E-DD9A4C1180DE}.Debug|Any CPU.Build.0 = Debug|Any CPU
		{BA84DD78-5490-41B7-A69E-DD9A4C1180DE}.Release|Any CPU.ActiveCfg = Release|Any CPU
		{BA84DD78-5490-41B7-A69E-DD9A4C1180DE}.Release|Any CPU.Build.0 = Release|Any CPU
		{53FEF92C-3C80-4378-BCD3-14E984A1E1EE}.Debug|Any CPU.ActiveCfg = Debug|Any CPU
		{53FEF92C-3C80-4378-BCD3-14E984A1E1EE}.Debug|Any CPU.Build.0 = Debug|Any CPU
		{53FEF92C-3C80-4378-BCD3-14E984A1E1EE}.Release|Any CPU.ActiveCfg = Release|Any CPU
		{53FEF92C-3C80-4378-BCD3-14E984A1E1EE}.Release|Any CPU.Build.0 = Release|Any CPU
	EndGlobalSection
	GlobalSection(SolutionProperties) = preSolution
		HideSolutionNode = FALSE
	EndGlobalSection
	GlobalSection(ExtensibilityGlobals) = postSolution
		SolutionGuid = {79F352E1-7237-4582-8693-34F7F5F27A92}
	EndGlobalSection
EndGlobal
